{
    "version": 3,
    "terraform_version": "0.11.10",
    "serial": 134,
    "lineage": "6ecdb750-d182-99c3-92d8-ebce582dbb56",
    "modules": [
        {
            "path": [
                "root"
            ],
            "outputs": {},
            "resources": {
                "data.template_file.network_config": {
                    "type": "template_file",
                    "depends_on": [],
                    "primary": {
                        "id": "9ffb8e24031a4217c3fc216e348be95e1ade029f098523b9ef14df5ea9b3a3e9",
                        "attributes": {
                            "id": "9ffb8e24031a4217c3fc216e348be95e1ade029f098523b9ef14df5ea9b3a3e9",
                            "rendered": "network:\nversion: 2\n        ethernets:\n         eno1:\ndhcp4: true\n",
                            "template": "network:\nversion: 2\n        ethernets:\n         eno1:\ndhcp4: true\n"
                        },
                        "meta": {},
                        "tainted": false
                    },
                    "deposed": [],
                    "provider": "provider.template"
                },
                "data.template_file.user_data": {
                    "type": "template_file",
                    "depends_on": [],
                    "primary": {
                        "id": "42563cca4f61d4502c6c16e9fd0eafbe7131a8f8918d0dad6ae17a3cdc6d2461",
                        "attributes": {
                            "id": "42563cca4f61d4502c6c16e9fd0eafbe7131a8f8918d0dad6ae17a3cdc6d2461",
                            "rendered": "#cloud-config\nssh_pwauth: 1\nusers:\n  - name: root\n    ssh-authorized-keys:\n      - ssh-rsa AAAAB3NzaC1yc2EAAAADAQABAAABAQDg7WVadKHTZVw4L0yptu1oP6YYF1mLncjwKJDARr7018lOaPukKs1A3+BkBbcLuUqmm/rpAMDsRW3U4u7ZJB+I55NeD0GbPvRzQ32OhOrrzg4IzV58nTm5/DPZOFnYUMEtsNnxOYJHf+PofO1V1mKP6f9bamDwvMbZsXAtZV/MqdUhq5HiR5qw8vJmi5DrBHLphL5E9EMwrD6nqO/0iKRRVV1fMXf/FOufSu7DGRXAS8k7geTCKS2RwN2S6HDKtebOpX4aZH+mxix7VXCvHVOZcX++fqqJ9Bfx0Qxea8IT1AlHXy1TR8BvPbL9qUrB5sUjoT61wlKUxNpQExpwnGjb godric@thehollow\n\n",
                            "template": "#cloud-config\nssh_pwauth: 1\nusers:\n  - name: root\n    ssh-authorized-keys:\n      - ${file(\"lab-1.pub\")}\n"
                        },
                        "meta": {},
                        "tainted": false
                    },
                    "deposed": [],
                    "provider": "provider.template"
                },
                "libvirt_cloudinit_disk.commoninit": {
                    "type": "libvirt_cloudinit_disk",
                    "depends_on": [
                        "data.template_file.network_config",
                        "data.template_file.user_data"
                    ],
                    "primary": {
                        "id": "/var/lib/libvirt/images/commoninit.iso;5d3b72a0-b8af-2d24-c9c2-69d7a4c11854",
                        "attributes": {
                            "id": "/var/lib/libvirt/images/commoninit.iso;5d3b72a0-b8af-2d24-c9c2-69d7a4c11854",
                            "meta_data": "",
                            "name": "commoninit.iso",
                            "network_config": "network:\nversion: 2\n        ethernets:\n         eno1:\ndhcp4: true\n",
                            "pool": "default",
                            "user_data": "#cloud-config\nssh_pwauth: 1\nusers:\n  - name: root\n    ssh-authorized-keys:\n      - ssh-rsa AAAAB3NzaC1yc2EAAAADAQABAAABAQDg7WVadKHTZVw4L0yptu1oP6YYF1mLncjwKJDARr7018lOaPukKs1A3+BkBbcLuUqmm/rpAMDsRW3U4u7ZJB+I55NeD0GbPvRzQ32OhOrrzg4IzV58nTm5/DPZOFnYUMEtsNnxOYJHf+PofO1V1mKP6f9bamDwvMbZsXAtZV/MqdUhq5HiR5qw8vJmi5DrBHLphL5E9EMwrD6nqO/0iKRRVV1fMXf/FOufSu7DGRXAS8k7geTCKS2RwN2S6HDKtebOpX4aZH+mxix7VXCvHVOZcX++fqqJ9Bfx0Qxea8IT1AlHXy1TR8BvPbL9qUrB5sUjoT61wlKUxNpQExpwnGjb godric@thehollow\n\n"
                        },
                        "meta": {},
                        "tainted": false
                    },
                    "deposed": [],
                    "provider": "provider.libvirt"
                },
                "libvirt_domain.master1": {
                    "type": "libvirt_domain",
                    "depends_on": [
                        "libvirt_cloudinit_disk.commoninit",
                        "libvirt_volume.master1_disk"
                    ],
                    "primary": {
                        "id": "09cfd96b-5a3e-47f4-b6aa-a433006fad3d",
                        "attributes": {
                            "arch": "x86_64",
                            "autostart": "false",
                            "cloudinit": "/var/lib/libvirt/images/commoninit.iso;5d3b72a0-b8af-2d24-c9c2-69d7a4c11854",
                            "cmdline.#": "0",
                            "console.#": "2",
                            "console.0.source_path": "",
                            "console.0.target_port": "0",
                            "console.0.target_type": "serial",
                            "console.0.type": "pty",
                            "console.1.source_path": "",
                            "console.1.target_port": "1",
                            "console.1.target_type": "virtio",
                            "console.1.type": "pty",
                            "disk.#": "1",
                            "disk.0.file": "",
                            "disk.0.scsi": "false",
                            "disk.0.url": "",
                            "disk.0.volume_id": "/home/images/master1.qcow2",
                            "disk.0.wwn": "",
                            "emulator": "/usr/bin/qemu-system-x86_64",
                            "firmware": "",
                            "graphics.#": "1",
                            "graphics.0.autoport": "true",
                            "graphics.0.listen_type": "address",
                            "graphics.0.type": "spice",
                            "id": "09cfd96b-5a3e-47f4-b6aa-a433006fad3d",
                            "initrd": "",
                            "kernel": "",
                            "machine": "pc",
                            "memory": "2048",
                            "metadata": "masters",
                            "name": "master1",
                            "network_interface.#": "1",
                            "network_interface.0.addresses.#": "0",
                            "network_interface.0.bridge": "lab1",
                            "network_interface.0.hostname": "",
                            "network_interface.0.mac": "02:82:AA:9E:96:6A",
                            "network_interface.0.macvtap": "",
                            "network_interface.0.network_id": "",
                            "network_interface.0.network_name": "",
                            "network_interface.0.passthrough": "",
                            "network_interface.0.vepa": "",
                            "network_interface.0.wait_for_lease": "false",
                            "nvram.#": "0",
                            "qemu_agent": "false",
                            "running": "true",
                            "vcpu": "1"
                        },
                        "meta": {
                            "e2bfb730-ecaa-11e6-8f88-34363bc7c4c0": {
                                "create": 300000000000
                            }
                        },
                        "tainted": false
                    },
                    "deposed": [],
                    "provider": "provider.libvirt"
                },
                "libvirt_domain.node1": {
                    "type": "libvirt_domain",
                    "depends_on": [
                        "libvirt_cloudinit_disk.commoninit",
                        "libvirt_volume.node1_disk"
                    ],
                    "primary": {
                        "id": "61ec18ad-6d03-4bc9-93c9-557bceabc669",
                        "attributes": {
                            "arch": "x86_64",
                            "autostart": "false",
                            "cloudinit": "/var/lib/libvirt/images/commoninit.iso;5d3b72a0-b8af-2d24-c9c2-69d7a4c11854",
                            "cmdline.#": "0",
                            "console.#": "2",
                            "console.0.source_path": "",
                            "console.0.target_port": "0",
                            "console.0.target_type": "serial",
                            "console.0.type": "pty",
                            "console.1.source_path": "",
                            "console.1.target_port": "1",
                            "console.1.target_type": "virtio",
                            "console.1.type": "pty",
                            "disk.#": "1",
                            "disk.0.file": "",
                            "disk.0.scsi": "false",
                            "disk.0.url": "",
                            "disk.0.volume_id": "/home/images/node1.qcow2",
                            "disk.0.wwn": "",
                            "emulator": "/usr/bin/qemu-system-x86_64",
                            "firmware": "",
                            "graphics.#": "1",
                            "graphics.0.autoport": "true",
                            "graphics.0.listen_type": "address",
                            "graphics.0.type": "spice",
                            "id": "61ec18ad-6d03-4bc9-93c9-557bceabc669",
                            "initrd": "",
                            "kernel": "",
                            "machine": "pc",
                            "memory": "2048",
                            "metadata": "nodes",
                            "name": "node1",
                            "network_interface.#": "1",
                            "network_interface.0.addresses.#": "0",
                            "network_interface.0.bridge": "lab1",
                            "network_interface.0.hostname": "",
                            "network_interface.0.mac": "02:82:AA:9E:96:6B",
                            "network_interface.0.macvtap": "",
                            "network_interface.0.network_id": "",
                            "network_interface.0.network_name": "",
                            "network_interface.0.passthrough": "",
                            "network_interface.0.vepa": "",
                            "network_interface.0.wait_for_lease": "false",
                            "nvram.#": "0",
                            "qemu_agent": "false",
                            "running": "true",
                            "vcpu": "1"
                        },
                        "meta": {
                            "e2bfb730-ecaa-11e6-8f88-34363bc7c4c0": {
                                "create": 300000000000
                            }
                        },
                        "tainted": false
                    },
                    "deposed": [],
                    "provider": "provider.libvirt"
                },
                "libvirt_domain.node2": {
                    "type": "libvirt_domain",
                    "depends_on": [
                        "libvirt_cloudinit_disk.commoninit",
                        "libvirt_volume.node2_disk"
                    ],
                    "primary": {
                        "id": "b83dbaae-3677-4de3-842f-da3118ea13ff",
                        "attributes": {
                            "arch": "x86_64",
                            "autostart": "false",
                            "cloudinit": "/var/lib/libvirt/images/commoninit.iso;5d3b72a0-b8af-2d24-c9c2-69d7a4c11854",
                            "cmdline.#": "0",
                            "console.#": "2",
                            "console.0.source_path": "",
                            "console.0.target_port": "0",
                            "console.0.target_type": "serial",
                            "console.0.type": "pty",
                            "console.1.source_path": "",
                            "console.1.target_port": "1",
                            "console.1.target_type": "virtio",
                            "console.1.type": "pty",
                            "disk.#": "1",
                            "disk.0.file": "",
                            "disk.0.scsi": "false",
                            "disk.0.url": "",
                            "disk.0.volume_id": "/home/images/node2.qcow2",
                            "disk.0.wwn": "",
                            "emulator": "/usr/bin/qemu-system-x86_64",
                            "firmware": "",
                            "graphics.#": "1",
                            "graphics.0.autoport": "true",
                            "graphics.0.listen_type": "address",
                            "graphics.0.type": "spice",
                            "id": "b83dbaae-3677-4de3-842f-da3118ea13ff",
                            "initrd": "",
                            "kernel": "",
                            "machine": "pc",
                            "memory": "2048",
                            "metadata": "nodes",
                            "name": "node2",
                            "network_interface.#": "1",
                            "network_interface.0.addresses.#": "0",
                            "network_interface.0.bridge": "lab1",
                            "network_interface.0.hostname": "",
                            "network_interface.0.mac": "02:82:AA:9E:96:6C",
                            "network_interface.0.macvtap": "",
                            "network_interface.0.network_id": "",
                            "network_interface.0.network_name": "",
                            "network_interface.0.passthrough": "",
                            "network_interface.0.vepa": "",
                            "network_interface.0.wait_for_lease": "false",
                            "nvram.#": "0",
                            "qemu_agent": "false",
                            "running": "true",
                            "vcpu": "1"
                        },
                        "meta": {
                            "e2bfb730-ecaa-11e6-8f88-34363bc7c4c0": {
                                "create": 300000000000
                            }
                        },
                        "tainted": false
                    },
                    "deposed": [],
                    "provider": "provider.libvirt"
                },
                "libvirt_domain.node3": {
                    "type": "libvirt_domain",
                    "depends_on": [
                        "libvirt_cloudinit_disk.commoninit",
                        "libvirt_volume.node3_disk"
                    ],
                    "primary": {
                        "id": "37049efa-ee93-4054-980c-f78053e4c66d",
                        "attributes": {
                            "arch": "x86_64",
                            "autostart": "false",
                            "cloudinit": "/var/lib/libvirt/images/commoninit.iso;5d3b72a0-b8af-2d24-c9c2-69d7a4c11854",
                            "cmdline.#": "0",
                            "console.#": "2",
                            "console.0.source_path": "",
                            "console.0.target_port": "0",
                            "console.0.target_type": "serial",
                            "console.0.type": "pty",
                            "console.1.source_path": "",
                            "console.1.target_port": "1",
                            "console.1.target_type": "virtio",
                            "console.1.type": "pty",
                            "disk.#": "1",
                            "disk.0.file": "",
                            "disk.0.scsi": "false",
                            "disk.0.url": "",
                            "disk.0.volume_id": "/home/images/node3.qcow2",
                            "disk.0.wwn": "",
                            "emulator": "/usr/bin/qemu-system-x86_64",
                            "firmware": "",
                            "graphics.#": "1",
                            "graphics.0.autoport": "true",
                            "graphics.0.listen_type": "address",
                            "graphics.0.type": "spice",
                            "id": "37049efa-ee93-4054-980c-f78053e4c66d",
                            "initrd": "",
                            "kernel": "",
                            "machine": "pc",
                            "memory": "2048",
                            "metadata": "nodes",
                            "name": "node3",
                            "network_interface.#": "1",
                            "network_interface.0.addresses.#": "0",
                            "network_interface.0.bridge": "lab1",
                            "network_interface.0.hostname": "",
                            "network_interface.0.mac": "02:82:AA:9E:96:6E",
                            "network_interface.0.macvtap": "",
                            "network_interface.0.network_id": "",
                            "network_interface.0.network_name": "",
                            "network_interface.0.passthrough": "",
                            "network_interface.0.vepa": "",
                            "network_interface.0.wait_for_lease": "false",
                            "nvram.#": "0",
                            "qemu_agent": "false",
                            "running": "true",
                            "vcpu": "1"
                        },
                        "meta": {
                            "e2bfb730-ecaa-11e6-8f88-34363bc7c4c0": {
                                "create": 300000000000
                            }
                        },
                        "tainted": false
                    },
                    "deposed": [],
                    "provider": "provider.libvirt"
                },
                "libvirt_domain.registry1": {
                    "type": "libvirt_domain",
                    "depends_on": [
                        "libvirt_cloudinit_disk.commoninit",
                        "libvirt_volume.registry1_disk"
                    ],
                    "primary": {
                        "id": "a30747f5-8596-4d0d-b65d-64ba09846ec0",
                        "attributes": {
                            "arch": "x86_64",
                            "autostart": "false",
                            "cloudinit": "/var/lib/libvirt/images/commoninit.iso;5d3b72a0-b8af-2d24-c9c2-69d7a4c11854",
                            "cmdline.#": "0",
                            "console.#": "2",
                            "console.0.source_path": "",
                            "console.0.target_port": "0",
                            "console.0.target_type": "serial",
                            "console.0.type": "pty",
                            "console.1.source_path": "",
                            "console.1.target_port": "1",
                            "console.1.target_type": "virtio",
                            "console.1.type": "pty",
                            "disk.#": "1",
                            "disk.0.file": "",
                            "disk.0.scsi": "false",
                            "disk.0.url": "",
                            "disk.0.volume_id": "/home/images/registry1.qcow2",
                            "disk.0.wwn": "",
                            "emulator": "/usr/bin/qemu-system-x86_64",
                            "firmware": "",
                            "graphics.#": "1",
                            "graphics.0.autoport": "true",
                            "graphics.0.listen_type": "address",
                            "graphics.0.type": "spice",
                            "id": "a30747f5-8596-4d0d-b65d-64ba09846ec0",
                            "initrd": "",
                            "kernel": "",
                            "machine": "pc",
                            "memory": "1024",
                            "metadata": "registry",
                            "name": "registry1",
                            "network_interface.#": "1",
                            "network_interface.0.addresses.#": "0",
                            "network_interface.0.bridge": "lab1",
                            "network_interface.0.hostname": "",
                            "network_interface.0.mac": "02:82:AA:9E:96:6D",
                            "network_interface.0.macvtap": "",
                            "network_interface.0.network_id": "",
                            "network_interface.0.network_name": "",
                            "network_interface.0.passthrough": "",
                            "network_interface.0.vepa": "",
                            "network_interface.0.wait_for_lease": "false",
                            "nvram.#": "0",
                            "qemu_agent": "false",
                            "running": "true",
                            "vcpu": "1"
                        },
                        "meta": {
                            "e2bfb730-ecaa-11e6-8f88-34363bc7c4c0": {
                                "create": 300000000000
                            }
                        },
                        "tainted": false
                    },
                    "deposed": [],
                    "provider": "provider.libvirt"
                },
                "libvirt_volume.master1_disk": {
                    "type": "libvirt_volume",
                    "depends_on": [
                        "libvirt_volume.ubuntu-qcow2"
                    ],
                    "primary": {
                        "id": "/home/images/master1.qcow2",
                        "attributes": {
                            "base_volume_id": "/home/images/ubuntu-qcow2",
                            "format": "qcow2",
                            "id": "/home/images/master1.qcow2",
                            "name": "master1.qcow2",
                            "pool": "images",
                            "size": "53613931520"
                        },
                        "meta": {},
                        "tainted": false
                    },
                    "deposed": [],
                    "provider": "provider.libvirt"
                },
                "libvirt_volume.node1_disk": {
                    "type": "libvirt_volume",
                    "depends_on": [
                        "libvirt_volume.ubuntu-qcow2"
                    ],
                    "primary": {
                        "id": "/home/images/node1.qcow2",
                        "attributes": {
                            "base_volume_id": "/home/images/ubuntu-qcow2",
                            "format": "qcow2",
                            "id": "/home/images/node1.qcow2",
                            "name": "node1.qcow2",
                            "pool": "images",
                            "size": "53613931520"
                        },
                        "meta": {},
                        "tainted": false
                    },
                    "deposed": [],
                    "provider": "provider.libvirt"
                },
                "libvirt_volume.node2_disk": {
                    "type": "libvirt_volume",
                    "depends_on": [
                        "libvirt_volume.ubuntu-qcow2"
                    ],
                    "primary": {
                        "id": "/home/images/node2.qcow2",
                        "attributes": {
                            "base_volume_id": "/home/images/ubuntu-qcow2",
                            "format": "qcow2",
                            "id": "/home/images/node2.qcow2",
                            "name": "node2.qcow2",
                            "pool": "images",
                            "size": "53613931520"
                        },
                        "meta": {},
                        "tainted": false
                    },
                    "deposed": [],
                    "provider": "provider.libvirt"
                },
                "libvirt_volume.node3_disk": {
                    "type": "libvirt_volume",
                    "depends_on": [
                        "libvirt_volume.ubuntu-qcow2"
                    ],
                    "primary": {
                        "id": "/home/images/node3.qcow2",
                        "attributes": {
                            "base_volume_id": "/home/images/ubuntu-qcow2",
                            "format": "qcow2",
                            "id": "/home/images/node3.qcow2",
                            "name": "node3.qcow2",
                            "pool": "images",
                            "size": "53613931520"
                        },
                        "meta": {},
                        "tainted": false
                    },
                    "deposed": [],
                    "provider": "provider.libvirt"
                },
                "libvirt_volume.registry1_disk": {
                    "type": "libvirt_volume",
                    "depends_on": [
                        "libvirt_volume.ubuntu-qcow2"
                    ],
                    "primary": {
                        "id": "/home/images/registry1.qcow2",
                        "attributes": {
                            "base_volume_id": "/home/images/ubuntu-qcow2",
                            "format": "qcow2",
                            "id": "/home/images/registry1.qcow2",
                            "name": "registry1.qcow2",
                            "pool": "images",
                            "size": "53613931520"
                        },
                        "meta": {},
                        "tainted": false
                    },
                    "deposed": [],
                    "provider": "provider.libvirt"
                },
                "libvirt_volume.ubuntu-qcow2": {
                    "type": "libvirt_volume",
                    "depends_on": [],
                    "primary": {
                        "id": "/home/images/ubuntu-qcow2",
                        "attributes": {
                            "format": "qcow2",
                            "id": "/home/images/ubuntu-qcow2",
                            "name": "ubuntu-qcow2",
                            "pool": "images",
                            "size": "2361393152",
                            "source": "ubuntu-18.04-server-cloudimg-amd64.img"
                        },
                        "meta": {},
                        "tainted": false
                    },
                    "deposed": [],
                    "provider": "provider.libvirt"
                }
            },
            "depends_on": []
        }
    ]
}
